// !$*UTF8*$!
{
	archiveVersion = 1;
	classes = {
	};
	objectVersion = 50;
	objects = {

/* Begin PBXBuildFile section */
		E1A7809F256A53F2005BFD55 /* AppDelegate.swift in Sources */ = {isa = PBXBuildFile; fileRef = E1A7809E256A53F2005BFD55 /* AppDelegate.swift */; };
		E1A780A1256A53F2005BFD55 /* SceneDelegate.swift in Sources */ = {isa = PBXBuildFile; fileRef = E1A780A0256A53F2005BFD55 /* SceneDelegate.swift */; };
		E1A780A3256A53F2005BFD55 /* ViewController.swift in Sources */ = {isa = PBXBuildFile; fileRef = E1A780A2256A53F2005BFD55 /* ViewController.swift */; };
		E1A780A6256A53F2005BFD55 /* Main.storyboard in Resources */ = {isa = PBXBuildFile; fileRef = E1A780A4256A53F2005BFD55 /* Main.storyboard */; };
		E1A780A8256A53F9005BFD55 /* Assets.xcassets in Resources */ = {isa = PBXBuildFile; fileRef = E1A780A7256A53F9005BFD55 /* Assets.xcassets */; };
		E1A780AB256A53F9005BFD55 /* LaunchScreen.storyboard in Resources */ = {isa = PBXBuildFile; fileRef = E1A780A9256A53F9005BFD55 /* LaunchScreen.storyboard */; };
		E1A780B6256A53F9005BFD55 /* CurrencyConverterTests.swift in Sources */ = {isa = PBXBuildFile; fileRef = E1A780B5256A53F9005BFD55 /* CurrencyConverterTests.swift */; };
		E1A780C1256A53FA005BFD55 /* CurrencyConverterUITests.swift in Sources */ = {isa = PBXBuildFile; fileRef = E1A780C0256A53FA005BFD55 /* CurrencyConverterUITests.swift */; };
/* End PBXBuildFile section */

/* Begin PBXContainerItemProxy section */
		E1A780B2256A53F9005BFD55 /* PBXContainerItemProxy */ = {
			isa = PBXContainerItemProxy;
			containerPortal = E1A78093256A53F2005BFD55 /* Project object */;
			proxyType = 1;
			remoteGlobalIDString = E1A7809A256A53F2005BFD55;
			remoteInfo = CurrencyConverter;
		};
		E1A780BD256A53FA005BFD55 /* PBXContainerItemProxy */ = {
			isa = PBXContainerItemProxy;
			containerPortal = E1A78093256A53F2005BFD55 /* Project object */;
			proxyType = 1;
			remoteGlobalIDString = E1A7809A256A53F2005BFD55;
			remoteInfo = CurrencyConverter;
		};
/* End PBXContainerItemProxy section */

/* Begin PBXFileReference section */
		E1A7809B256A53F2005BFD55 /* CurrencyConverter.app */ = {isa = PBXFileReference; explicitFileType = wrapper.application; includeInIndex = 0; path = CurrencyConverter.app; sourceTree = BUILT_PRODUCTS_DIR; };
		E1A7809E256A53F2005BFD55 /* AppDelegate.swift */ = {isa = PBXFileReference; lastKnownFileType = sourcecode.swift; path = AppDelegate.swift; sourceTree = "<group>"; };
		E1A780A0256A53F2005BFD55 /* SceneDelegate.swift */ = {isa = PBXFileReference; lastKnownFileType = sourcecode.swift; path = SceneDelegate.swift; sourceTree = "<group>"; };
		E1A780A2256A53F2005BFD55 /* ViewController.swift */ = {isa = PBXFileReference; lastKnownFileType = sourcecode.swift; path = ViewController.swift; sourceTree = "<group>"; };
		E1A780A5256A53F2005BFD55 /* Base */ = {isa = PBXFileReference; lastKnownFileType = file.storyboard; name = Base; path = Base.lproj/Main.storyboard; sourceTree = "<group>"; };
		E1A780A7256A53F9005BFD55 /* Assets.xcassets */ = {isa = PBXFileReference; lastKnownFileType = folder.assetcatalog; path = Assets.xcassets; sourceTree = "<group>"; };
		E1A780AA256A53F9005BFD55 /* Base */ = {isa = PBXFileReference; lastKnownFileType = file.storyboard; name = Base; path = Base.lproj/LaunchScreen.storyboard; sourceTree = "<group>"; };
		E1A780AC256A53F9005BFD55 /* Info.plist */ = {isa = PBXFileReference; lastKnownFileType = text.plist.xml; path = Info.plist; sourceTree = "<group>"; };
		E1A780B1256A53F9005BFD55 /* CurrencyConverterTests.xctest */ = {isa = PBXFileReference; explicitFileType = wrapper.cfbundle; includeInIndex = 0; path = CurrencyConverterTests.xctest; sourceTree = BUILT_PRODUCTS_DIR; };
		E1A780B5256A53F9005BFD55 /* CurrencyConverterTests.swift */ = {isa = PBXFileReference; lastKnownFileType = sourcecode.swift; path = CurrencyConverterTests.swift; sourceTree = "<group>"; };
		E1A780B7256A53F9005BFD55 /* Info.plist */ = {isa = PBXFileReference; lastKnownFileType = text.plist.xml; path = Info.plist; sourceTree = "<group>"; };
		E1A780BC256A53FA005BFD55 /* CurrencyConverterUITests.xctest */ = {isa = PBXFileReference; explicitFileType = wrapper.cfbundle; includeInIndex = 0; path = CurrencyConverterUITests.xctest; sourceTree = BUILT_PRODUCTS_DIR; };
		E1A780C0256A53FA005BFD55 /* CurrencyConverterUITests.swift */ = {isa = PBXFileReference; lastKnownFileType = sourcecode.swift; path = CurrencyConverterUITests.swift; sourceTree = "<group>"; };
		E1A780C2256A53FA005BFD55 /* Info.plist */ = {isa = PBXFileReference; lastKnownFileType = text.plist.xml; path = Info.plist; sourceTree = "<group>"; };
/* End PBXFileReference section */

/* Begin PBXFrameworksBuildPhase section */
		E1A78098256A53F2005BFD55 /* Frameworks */ = {
			isa = PBXFrameworksBuildPhase;
			buildActionMask = 2147483647;
			files = (
			);
			runOnlyForDeploymentPostprocessing = 0;
		};
		E1A780AE256A53F9005BFD55 /* Frameworks */ = {
			isa = PBXFrameworksBuildPhase;
			buildActionMask = 2147483647;
			files = (
			);
			runOnlyForDeploymentPostprocessing = 0;
		};
		E1A780B9256A53FA005BFD55 /* Frameworks */ = {
			isa = PBXFrameworksBuildPhase;
			buildActionMask = 2147483647;
			files = (
			);
			runOnlyForDeploymentPostprocessing = 0;
		};
/* End PBXFrameworksBuildPhase section */

/* Begin PBXGroup section */
		E1A78092256A53F2005BFD55 = {
			isa = PBXGroup;
			children = (
				E1A7809D256A53F2005BFD55 /* CurrencyConverter */,
				E1A780B4256A53F9005BFD55 /* CurrencyConverterTests */,
				E1A780BF256A53FA005BFD55 /* CurrencyConverterUITests */,
				E1A7809C256A53F2005BFD55 /* Products */,
			);
			sourceTree = "<group>";
		};
		E1A7809C256A53F2005BFD55 /* Products */ = {
			isa = PBXGroup;
			children = (
				E1A7809B256A53F2005BFD55 /* CurrencyConverter.app */,
				E1A780B1256A53F9005BFD55 /* CurrencyConverterTests.xctest */,
				E1A780BC256A53FA005BFD55 /* CurrencyConverterUITests.xctest */,
			);
			name = Products;
			sourceTree = "<group>";
		};
		E1A7809D256A53F2005BFD55 /* CurrencyConverter */ = {
			isa = PBXGroup;
			children = (
				E1A7809E256A53F2005BFD55 /* AppDelegate.swift */,
				E1A780A0256A53F2005BFD55 /* SceneDelegate.swift */,
				E1A780A2256A53F2005BFD55 /* ViewController.swift */,
				E1A780A4256A53F2005BFD55 /* Main.storyboard */,
				E1A780A7256A53F9005BFD55 /* Assets.xcassets */,
				E1A780A9256A53F9005BFD55 /* LaunchScreen.storyboard */,
				E1A780AC256A53F9005BFD55 /* Info.plist */,
			);
			path = CurrencyConverter;
			sourceTree = "<group>";
		};
		E1A780B4256A53F9005BFD55 /* CurrencyConverterTests */ = {
			isa = PBXGroup;
			children = (
				E1A780B5256A53F9005BFD55 /* CurrencyConverterTests.swift */,
				E1A780B7256A53F9005BFD55 /* Info.plist */,
			);
			path = CurrencyConverterTests;
			sourceTree = "<group>";
		};
		E1A780BF256A53FA005BFD55 /* CurrencyConverterUITests */ = {
			isa = PBXGroup;
			children = (
				E1A780C0256A53FA005BFD55 /* CurrencyConverterUITests.swift */,
				E1A780C2256A53FA005BFD55 /* Info.plist */,
			);
			path = CurrencyConverterUITests;
			sourceTree = "<group>";
		};
/* End PBXGroup section */

/* Begin PBXNativeTarget section */
		E1A7809A256A53F2005BFD55 /* CurrencyConverter */ = {
			isa = PBXNativeTarget;
			buildConfigurationList = E1A780C5256A53FA005BFD55 /* Build configuration list for PBXNativeTarget "CurrencyConverter" */;
			buildPhases = (
				E1A78097256A53F2005BFD55 /* Sources */,
				E1A78098256A53F2005BFD55 /* Frameworks */,
				E1A78099256A53F2005BFD55 /* Resources */,
			);
			buildRules = (
			);
			dependencies = (
			);
			name = CurrencyConverter;
			productName = CurrencyConverter;
			productReference = E1A7809B256A53F2005BFD55 /* CurrencyConverter.app */;
			productType = "com.apple.product-type.application";
		};
		E1A780B0256A53F9005BFD55 /* CurrencyConverterTests */ = {
			isa = PBXNativeTarget;
			buildConfigurationList = E1A780C8256A53FA005BFD55 /* Build configuration list for PBXNativeTarget "CurrencyConverterTests" */;
			buildPhases = (
				E1A780AD256A53F9005BFD55 /* Sources */,
				E1A780AE256A53F9005BFD55 /* Frameworks */,
				E1A780AF256A53F9005BFD55 /* Resources */,
			);
			buildRules = (
			);
			dependencies = (
				E1A780B3256A53F9005BFD55 /* PBXTargetDependency */,
			);
			name = CurrencyConverterTests;
			productName = CurrencyConverterTests;
			productReference = E1A780B1256A53F9005BFD55 /* CurrencyConverterTests.xctest */;
			productType = "com.apple.product-type.bundle.unit-test";
		};
		E1A780BB256A53FA005BFD55 /* CurrencyConverterUITests */ = {
			isa = PBXNativeTarget;
			buildConfigurationList = E1A780CB256A53FA005BFD55 /* Build configuration list for PBXNativeTarget "CurrencyConverterUITests" */;
			buildPhases = (
				E1A780B8256A53FA005BFD55 /* Sources */,
				E1A780B9256A53FA005BFD55 /* Frameworks */,
				E1A780BA256A53FA005BFD55 /* Resources */,
			);
			buildRules = (
			);
			dependencies = (
				E1A780BE256A53FA005BFD55 /* PBXTargetDependency */,
			);
			name = CurrencyConverterUITests;
			productName = CurrencyConverterUITests;
			productReference = E1A780BC256A53FA005BFD55 /* CurrencyConverterUITests.xctest */;
			productType = "com.apple.product-type.bundle.ui-testing";
		};
/* End PBXNativeTarget section */

/* Begin PBXProject section */
		E1A78093256A53F2005BFD55 /* Project object */ = {
			isa = PBXProject;
			attributes = {
				LastSwiftUpdateCheck = 1130;
				LastUpgradeCheck = 1130;
				ORGANIZATIONNAME = Morenikeji;
				TargetAttributes = {
					E1A7809A256A53F2005BFD55 = {
						CreatedOnToolsVersion = 11.3.1;
					};
					E1A780B0256A53F9005BFD55 = {
						CreatedOnToolsVersion = 11.3.1;
						TestTargetID = E1A7809A256A53F2005BFD55;
					};
					E1A780BB256A53FA005BFD55 = {
						CreatedOnToolsVersion = 11.3.1;
						TestTargetID = E1A7809A256A53F2005BFD55;
					};
				};
			};
			buildConfigurationList = E1A78096256A53F2005BFD55 /* Build configuration list for PBXProject "CurrencyConverter" */;
			compatibilityVersion = "Xcode 9.3";
			developmentRegion = en;
			hasScannedForEncodings = 0;
			knownRegions = (
				en,
				Base,
			);
			mainGroup = E1A78092256A53F2005BFD55;
			productRefGroup = E1A7809C256A53F2005BFD55 /* Products */;
			projectDirPath = "";
			projectRoot = "";
			targets = (
				E1A7809A256A53F2005BFD55 /* CurrencyConverter */,
				E1A780B0256A53F9005BFD55 /* CurrencyConverterTests */,
				E1A780BB256A53FA005BFD55 /* CurrencyConverterUITests */,
			);
		};
/* End PBXProject section */

/* Begin PBXResourcesBuildPhase section */
		E1A78099256A53F2005BFD55 /* Resources */ = {
			isa = PBXResourcesBuildPhase;
			buildActionMask = 2147483647;
			files = (
				E1A780AB256A53F9005BFD55 /* LaunchScreen.storyboard in Resources */,
				E1A780A8256A53F9005BFD55 /* Assets.xcassets in Resources */,
				E1A780A6256A53F2005BFD55 /* Main.storyboard in Resources */,
			);
			runOnlyForDeploymentPostprocessing = 0;
		};
		E1A780AF256A53F9005BFD55 /* Resources */ = {
			isa = PBXResourcesBuildPhase;
			buildActionMask = 2147483647;
			files = (
			);
			runOnlyForDeploymentPostprocessing = 0;
		};
		E1A780BA256A53FA005BFD55 /* Resources */ = {
			isa = PBXResourcesBuildPhase;
			buildActionMask = 2147483647;
			files = (
			);
			runOnlyForDeploymentPostprocessing = 0;
		};
/* End PBXResourcesBuildPhase section */

/* Begin PBXSourcesBuildPhase section */
		E1A78097256A53F2005BFD55 /* Sources */ = {
			isa = PBXSourcesBuildPhase;
			buildActionMask = 2147483647;
			files = (
				E1A780A3256A53F2005BFD55 /* ViewController.swift in Sources */,
				E1A7809F256A53F2005BFD55 /* AppDelegate.swift in Sources */,
				E1A780A1256A53F2005BFD55 /* SceneDelegate.swift in Sources */,
			);
			runOnlyForDeploymentPostprocessing = 0;
		};
		E1A780AD256A53F9005BFD55 /* Sources */ = {
			isa = PBXSourcesBuildPhase;
			buildActionMask = 2147483647;
			files = (
				E1A780B6256A53F9005BFD55 /* CurrencyConverterTests.swift in Sources */,
			);
			runOnlyForDeploymentPostprocessing = 0;
		};
		E1A780B8256A53FA005BFD55 /* Sources */ = {
			isa = PBXSourcesBuildPhase;
			buildActionMask = 2147483647;
			files = (
				E1A780C1256A53FA005BFD55 /* CurrencyConverterUITests.swift in Sources */,
			);
			runOnlyForDeploymentPostprocessing = 0;
		};
/* End PBXSourcesBuildPhase section */

/* Begin PBXTargetDependency section */
		E1A780B3256A53F9005BFD55 /* PBXTargetDependency */ = {
			isa = PBXTargetDependency;
			target = E1A7809A256A53F2005BFD55 /* CurrencyConverter */;
			targetProxy = E1A780B2256A53F9005BFD55 /* PBXContainerItemProxy */;
		};
		E1A780BE256A53FA005BFD55 /* PBXTargetDependency */ = {
			isa = PBXTargetDependency;
			target = E1A7809A256A53F2005BFD55 /* CurrencyConverter */;
			targetProxy = E1A780BD256A53FA005BFD55 /* PBXContainerItemProxy */;
		};
/* End PBXTargetDependency section */

/* Begin PBXVariantGroup section */
		E1A780A4256A53F2005BFD55 /* Main.storyboard */ = {
			isa = PBXVariantGroup;
			children = (
				E1A780A5256A53F2005BFD55 /* Base */,
			);
			name = Main.storyboard;
			sourceTree = "<group>";
		};
		E1A780A9256A53F9005BFD55 /* LaunchScreen.storyboard */ = {
			isa = PBXVariantGroup;
			children = (
				E1A780AA256A53F9005BFD55 /* Base */,
			);
			name = LaunchScreen.storyboard;
			sourceTree = "<group>";
		};
/* End PBXVariantGroup section */

/* Begin XCBuildConfiguration section */
		E1A780C3256A53FA005BFD55 /* Debug */ = {
			isa = XCBuildConfiguration;
			buildSettings = {
				ALWAYS_SEARCH_USER_PATHS = NO;
				CLANG_ANALYZER_NONNULL = YES;
				CLANG_ANALYZER_NUMBER_OBJECT_CONVERSION = YES_AGGRESSIVE;
				CLANG_CXX_LANGUAGE_STANDARD = "gnu++14";
				CLANG_CXX_LIBRARY = "libc++";
				CLANG_ENABLE_MODULES = YES;
				CLANG_ENABLE_OBJC_ARC = YES;
				CLANG_ENABLE_OBJC_WEAK = YES;
				CLANG_WARN_BLOCK_CAPTURE_AUTORELEASING = YES;
				CLANG_WARN_BOOL_CONVERSION = YES;
				CLANG_WARN_COMMA = YES;
				CLANG_WARN_CONSTANT_CONVERSION = YES;
				CLANG_WARN_DEPRECATED_OBJC_IMPLEMENTATIONS = YES;
				CLANG_WARN_DIRECT_OBJC_ISA_USAGE = YES_ERROR;
				CLANG_WARN_DOCUMENTATION_COMMENTS = YES;
				CLANG_WARN_EMPTY_BODY = YES;
				CLANG_WARN_ENUM_CONVERSION = YES;
				CLANG_WARN_INFINITE_RECURSION = YES;
				CLANG_WARN_INT_CONVERSION = YES;
				CLANG_WARN_NON_LITERAL_NULL_CONVERSION = YES;
				CLANG_WARN_OBJC_IMPLICIT_RETAIN_SELF = YES;
				CLANG_WARN_OBJC_LITERAL_CONVERSION = YES;
				CLANG_WARN_OBJC_ROOT_CLASS = YES_ERROR;
				CLANG_WARN_RANGE_LOOP_ANALYSIS = YES;
				CLANG_WARN_STRICT_PROTOTYPES = YES;
				CLANG_WARN_SUSPICIOUS_MOVE = YES;
				CLANG_WARN_UNGUARDED_AVAILABILITY = YES_AGGRESSIVE;
				CLANG_WARN_UNREACHABLE_CODE = YES;
				CLANG_WARN__DUPLICATE_METHOD_MATCH = YES;
				COPY_PHASE_STRIP = NO;
				DEBUG_INFORMATION_FORMAT = dwarf;
				ENABLE_STRICT_OBJC_MSGSEND = YES;
				ENABLE_TESTABILITY = YES;
				GCC_C_LANGUAGE_STANDARD = gnu11;
				GCC_DYNAMIC_NO_PIC = NO;
				GCC_NO_COMMON_BLOCKS = YES;
				GCC_OPTIMIZATION_LEVEL = 0;
				GCC_PREPROCESSOR_DEFINITIONS = (
					"DEBUG=1",
					"$(inherited)",
				);
				GCC_WARN_64_TO_32_BIT_CONVERSION = YES;
				GCC_WARN_ABOUT_RETURN_TYPE = YES_ERROR;
				GCC_WARN_UNDECLARED_SELECTOR = YES;
				GCC_WARN_UNINITIALIZED_AUTOS = YES_AGGRESSIVE;
				GCC_WARN_UNUSED_FUNCTION = YES;
				GCC_WARN_UNUSED_VARIABLE = YES;
				IPHONEOS_DEPLOYMENT_TARGET = 13.2;
				MTL_ENABLE_DEBUG_INFO = INCLUDE_SOURCE;
				MTL_FAST_MATH = YES;
				ONLY_ACTIVE_ARCH = YES;
				SDKROOT = iphoneos;
				SWIFT_ACTIVE_COMPILATION_CONDITIONS = DEBUG;
				SWIFT_OPTIMIZATION_LEVEL = "-Onone";
			};
			name = Debug;
		};
		E1A780C4256A53FA005BFD55 /* Release */ = {
			isa = XCBuildConfiguration;
			buildSettings = {
				ALWAYS_SEARCH_USER_PATHS = NO;
				CLANG_ANALYZER_NONNULL = YES;
				CLANG_ANALYZER_NUMBER_OBJECT_CONVERSION = YES_AGGRESSIVE;
				CLANG_CXX_LANGUAGE_STANDARD = "gnu++14";
				CLANG_CXX_LIBRARY = "libc++";
				CLANG_ENABLE_MODULES = YES;
				CLANG_ENABLE_OBJC_ARC = YES;
				CLANG_ENABLE_OBJC_WEAK = YES;
				CLANG_WARN_BLOCK_CAPTURE_AUTORELEASING = YES;
				CLANG_WARN_BOOL_CONVERSION = YES;
				CLANG_WARN_COMMA = YES;
				CLANG_WARN_CONSTANT_CONVERSION = YES;
				CLANG_WARN_DEPRECATED_OBJC_IMPLEMENTATIONS = YES;
				CLANG_WARN_DIRECT_OBJC_ISA_USAGE = YES_ERROR;
				CLANG_WARN_DOCUMENTATION_COMMENTS = YES;
				CLANG_WARN_EMPTY_BODY = YES;
				CLANG_WARN_ENUM_CONVERSION = YES;
				CLANG_WARN_INFINITE_RECURSION = YES;
				CLANG_WARN_INT_CONVERSION = YES;
				CLANG_WARN_NON_LITERAL_NULL_CONVERSION = YES;
				CLANG_WARN_OBJC_IMPLICIT_RETAIN_SELF = YES;
				CLANG_WARN_OBJC_LITERAL_CONVERSION = YES;
				CLANG_WARN_OBJC_ROOT_CLASS = YES_ERROR;
				CLANG_WARN_RANGE_LOOP_ANALYSIS = YES;
				CLANG_WARN_STRICT_PROTOTYPES = YES;
				CLANG_WARN_SUSPICIOUS_MOVE = YES;
				CLANG_WARN_UNGUARDED_AVAILABILITY = YES_AGGRESSIVE;
				CLANG_WARN_UNREACHABLE_CODE = YES;
				CLANG_WARN__DUPLICATE_METHOD_MATCH = YES;
				COPY_PHASE_STRIP = NO;
				DEBUG_INFORMATION_FORMAT = "dwarf-with-dsym";
				ENABLE_NS_ASSERTIONS = NO;
				ENABLE_STRICT_OBJC_MSGSEND = YES;
				GCC_C_LANGUAGE_STANDARD = gnu11;
				GCC_NO_COMMON_BLOCKS = YES;
				GCC_WARN_64_TO_32_BIT_CONVERSION = YES;
				GCC_WARN_ABOUT_RETURN_TYPE = YES_ERROR;
				GCC_WARN_UNDECLARED_SELECTOR = YES;
				GCC_WARN_UNINITIALIZED_AUTOS = YES_AGGRESSIVE;
				GCC_WARN_UNUSED_FUNCTION = YES;
				GCC_WARN_UNUSED_VARIABLE = YES;
				IPHONEOS_DEPLOYMENT_TARGET = 13.2;
				MTL_ENABLE_DEBUG_INFO = NO;
				MTL_FAST_MATH = YES;
				SDKROOT = iphoneos;
				SWIFT_COMPILATION_MODE = wholemodule;
				SWIFT_OPTIMIZATION_LEVEL = "-O";
				VALIDATE_PRODUCT = YES;
			};
			name = Release;
		};
		E1A780C6256A53FA005BFD55 /* Debug */ = {
			isa = XCBuildConfiguration;
			buildSettings = {
				ASSETCATALOG_COMPILER_APPICON_NAME = AppIcon;
				CODE_SIGN_STYLE = Automatic;
				DEVELOPMENT_TEAM = RZJF59VSM8;
				INFOPLIST_FILE = CurrencyConverter/Info.plist;
				LD_RUNPATH_SEARCH_PATHS = (
					"$(inherited)",
					"@executable_path/Frameworks",
				);
				PRODUCT_BUNDLE_IDENTIFIER = com.solab.CurrencyConverter;
				PRODUCT_NAME = "$(TARGET_NAME)";
				SWIFT_VERSION = 5.0;
				TARGETED_DEVICE_FAMILY = "1,2";
			};
			name = Debug;
		};
		E1A780C7256A53FA005BFD55 /* Release */ = {
			isa = XCBuildConfiguration;
			buildSettings = {
				ASSETCATALOG_COMPILER_APPICON_NAME = AppIcon;
				CODE_SIGN_STYLE = Automatic;
				DEVELOPMENT_TEAM = RZJF59VSM8;
				INFOPLIST_FILE = CurrencyConverter/Info.plist;
				LD_RUNPATH_SEARCH_PATHS = (
					"$(inherited)",
					"@executable_path/Frameworks",
				);
				PRODUCT_BUNDLE_IDENTIFIER = com.solab.CurrencyConverter;
				PRODUCT_NAME = "$(TARGET_NAME)";
				SWIFT_VERSION = 5.0;
				TARGETED_DEVICE_FAMILY = "1,2";
			};
			name = Release;
		};
		E1A780C9256A53FA005BFD55 /* Debug */ = {
			isa = XCBuildConfiguration;
			buildSettings = {
				ALWAYS_EMBED_SWIFT_STANDARD_LIBRARIES = YES;
				BUNDLE_LOADER = "$(TEST_HOST)";
				CODE_SIGN_STYLE = Automatic;
				DEVELOPMENT_TEAM = RZJF59VSM8;
				INFOPLIST_FILE = CurrencyConverterTests/Info.plist;
				IPHONEOS_DEPLOYMENT_TARGET = 13.2;
				LD_RUNPATH_SEARCH_PATHS = (
					"$(inherited)",
					"@executable_path/Frameworks",
					"@loader_path/Frameworks",
				);
				PRODUCT_BUNDLE_IDENTIFIER = com.solab.CurrencyConverterTests;
				PRODUCT_NAME = "$(TARGET_NAME)";
				SWIFT_VERSION = 5.0;
				TARGETED_DEVICE_FAMILY = "1,2";
				TEST_HOST = "$(BUILT_PRODUCTS_DIR)/CurrencyConverter.app/CurrencyConverter";
			};
			name = Debug;
		};
		E1A780CA256A53FA005BFD55 /* Release */ = {
			isa = XCBuildConfiguration;
			buildSettings = {
				ALWAYS_EMBED_SWIFT_STANDARD_LIBRARIES = YES;
				BUNDLE_LOADER = "$(TEST_HOST)";
				CODE_SIGN_STYLE = Automatic;
				DEVELOPMENT_TEAM = RZJF59VSM8;
				INFOPLIST_FILE = CurrencyConverterTests/Info.plist;
				IPHONEOS_DEPLOYMENT_TARGET = 13.2;
				LD_RUNPATH_SEARCH_PATHS = (
					"$(inherited)",
					"@executable_path/Frameworks",
					"@loader_path/Frameworks",
				);
				PRODUCT_BUNDLE_IDENTIFIER = com.solab.CurrencyConverterTests;
				PRODUCT_NAME = "$(TARGET_NAME)";
				SWIFT_VERSION = 5.0;
				TARGETED_DEVICE_FAMILY = "1,2";
				TEST_HOST = "$(BUILT_PRODUCTS_DIR)/CurrencyConverter.app/CurrencyConverter";
			};
			name = Release;
		};
		E1A780CC256A53FA005BFD55 /* Debug */ = {
			isa = XCBuildConfiguration;
			buildSettings = {
				ALWAYS_EMBED_SWIFT_STANDARD_LIBRARIES = YES;
				CODE_SIGN_STYLE = Automatic;
				DEVELOPMENT_TEAM = RZJF59VSM8;
				INFOPLIST_FILE = CurrencyConverterUITests/Info.plist;
				LD_RUNPATH_SEARCH_PATHS = (
					"$(inherited)",
					"@executable_path/Frameworks",
					"@loader_path/Frameworks",
				);
				PRODUCT_BUNDLE_IDENTIFIER = com.solab.CurrencyConverterUITests;
				PRODUCT_NAME = "$(TARGET_NAME)";
				SWIFT_VERSION = 5.0;
				TARGETED_DEVICE_FAMILY = "1,2";
				TEST_TARGET_NAME = CurrencyConverter;
			};
			name = Debug;
		};
		E1A780CD256A53FA005BFD55 /* Release */ = {
			isa = XCBuildConfiguration;
			buildSettings = {
				ALWAYS_EMBED_SWIFT_STANDARD_LIBRARIES = YES;
				CODE_SIGN_STYLE = Automatic;
				DEVELOPMENT_TEAM = RZJF59VSM8;
				INFOPLIST_FILE = CurrencyConverterUITests/Info.plist;
				LD_RUNPATH_SEARCH_PATHS = (
					"$(inherited)",
					"@executable_path/Frameworks",
					"@loader_path/Frameworks",
				);
				PRODUCT_BUNDLE_IDENTIFIER = com.solab.CurrencyConverterUITests;
				PRODUCT_NAME = "$(TARGET_NAME)";
				SWIFT_VERSION = 5.0;
				TARGETED_DEVICE_FAMILY = "1,2";
				TEST_TARGET_NAME = CurrencyConverter;
			};
			name = Release;
		};
/* End XCBuildConfiguration section */

/* Begin XCConfigurationList section */
		E1A78096256A53F2005BFD55 /* Build configuration list for PBXProject "CurrencyConverter" */ = {
			isa = XCConfigurationList;
			buildConfigurations = (
				E1A780C3256A53FA005BFD55 /* Debug */,
				E1A780C4256A53FA005BFD55 /* Release */,
			);
			defaultConfigurationIsVisible = 0;
			defaultConfigurationName = Release;
		};
		E1A780C5256A53FA005BFD55 /* Build configuration list for PBXNativeTarget "CurrencyConverter" */ = {
			isa = XCConfigurationList;
			buildConfigurations = (
				E1A780C6256A53FA005BFD55 /* Debug */,
				E1A780C7256A53FA005BFD55 /* Release */,
			);
			defaultConfigurationIsVisible = 0;
			defaultConfigurationName = Release;
		};
		E1A780C8256A53FA005BFD55 /* Build configuration list for PBXNativeTarget "CurrencyConverterTests" */ = {
			isa = XCConfigurationList;
			buildConfigurations = (
				E1A780C9256A53FA005BFD55 /* Debug */,
				E1A780CA256A53FA005BFD55 /* Release */,
			);
			defaultConfigurationIsVisible = 0;
			defaultConfigurationName = Release;
		};
		E1A780CB256A53FA005BFD55 /* Build configuration list for PBXNativeTarget "CurrencyConverterUITests" */ = {
			isa = XCConfigurationList;
			buildConfigurations = (
				E1A780CC256A53FA005BFD55 /* Debug */,
				E1A780CD256A53FA005BFD55 /* Release */,
			);
			defaultConfigurationIsVisible = 0;
			defaultConfigurationName = Release;
		};
/* End XCConfigurationList section */
	};
	rootObject = E1A78093256A53F2005BFD55 /* Project object */;
}
